{
  "nodes": {
    "nixpkgs": {
      "locked": {
        "lastModified": 1686158406,
        "narHash": "sha256-HzLu621eH25BwiRMP7qoGR9ssUCJ6m7jWKOlCSay+V4=",
        "path": "/nix/store/pv1imhc63kh7csjvv8bs88yygbm4mzsa-source",
        "rev": "edeacb701347c27727e3277d9442b085847ecec7",
        "type": "path"
      },
      "original": {
        "id": "nixpkgs",
        "type": "indirect"
      }
    },
    "root": {
      "inputs": {
        "nixpkgs": "nixpkgs"
      }
    }
  },
  "root": "root",
  "version": 7
}
